
Microsoft Visual Studio Solution File, Format Version 12.00
# Visual Studio Version 16
VisualStudioVersion = 16.0.30907.101
MinimumVisualStudioVersion = 10.0.40219.1
Project("{888888A0-9F3D-457C-B088-3A5042F75D52}") = "assignment1", "assignment1\assignment1.pyproj", "{FDDA3598-9322-4100-9C9D-0D19B526231B}"
EndProject
Global
	GlobalSection(SolutionConfigurationPlatforms) = preSolution
		Debug|Any CPU = Debug|Any CPU
		Release|Any CPU = Release|Any CPU
	EndGlobalSection
	GlobalSection(ProjectConfigurationPlatforms) = postSolution
		{FDDA3598-9322-4100-9C9D-0D19B526231B}.Debug|Any CPU.ActiveCfg = Debug|Any CPU
		{FDDA3598-9322-4100-9C9D-0D19B526231B}.Release|Any CPU.ActiveCfg = Release|Any CPU
	EndGlobalSection
	GlobalSection(SolutionProperties) = preSolution
		HideSolutionNode = FALSE
	EndGlobalSection
	GlobalSection(ExtensibilityGlobals) = postSolution
		SolutionGuid = {F7DE8493-CA5A-413B-876C-5AC1CF509BF5}
	EndGlobalSection
EndGlobal
